
Microsoft Visual Studio Solution File, Format Version 12.00
# Visual Studio 15
VisualStudioVersion = 15.0.27703.2000
MinimumVisualStudioVersion = 10.0.40219.1
Project("{FAE04EC0-301F-11D3-BF4B-00C04F79EFBC}") = "LotoHelper", "LotoHelper\LotoHelper.csproj", "{C4556BFF-7619-4B04-B3F1-E5A8B4CCCF6F}"
EndProject
Project("{FAE04EC0-301F-11D3-BF4B-00C04F79EFBC}") = "Core", "..\Core\Core\Core.csproj", "{C9021028-AB38-49C2-999C-79B1EF59476C}"
EndProject
Project("{FAE04EC0-301F-11D3-BF4B-00C04F79EFBC}") = "MongoDB.Driver.Core", "..\..\Databases\mongodb-csharp-master\src\MongoDB.Driver.Core\MongoDB.Driver.Core.csproj", "{DA56482A-5D8F-41E0-85E6-1F22B310F91B}"
EndProject
Project("{FAE04EC0-301F-11D3-BF4B-00C04F79EFBC}") = "MongoDB.Driver", "..\..\Databases\mongodb-csharp-master\src\MongoDB.Driver\MongoDB.Driver.csproj", "{AE5166CD-76B0-4911-BD80-CED9521F37A1}"
EndProject
Project("{2150E333-8FDC-42A3-9474-1A3956D46DE8}") = "ExternalProjects", "ExternalProjects", "{49F12672-E29A-4EF2-8310-285A98A162C1}"
EndProject
Project("{9A19103F-16F7-4668-BE54-9A1E7A4F7556}") = "MongoDB.Driver.Core.Dotnet", "..\..\Databases\mongodb-csharp-master\src\MongoDB.Driver.Core.Dotnet\MongoDB.Driver.Core.Dotnet.csproj", "{7D3C14E8-ED6A-4D3A-A927-C0ABAE5B7112}"
EndProject
Project("{FAE04EC0-301F-11D3-BF4B-00C04F79EFBC}") = "MongoDB.Bson", "..\..\Databases\mongodb-csharp-master\src\MongoDB.Bson\MongoDB.Bson.csproj", "{0E9A3A2A-49CD-4F6C-847C-DC79B4B65CE6}"
EndProject
Project("{9A19103F-16F7-4668-BE54-9A1E7A4F7556}") = "MongoDB.Bson.Dotnet", "..\..\Databases\mongodb-csharp-master\src\MongoDB.Bson.Dotnet\MongoDB.Bson.Dotnet.csproj", "{8F107A1F-D705-4CE2-884B-7CB8171E947A}"
EndProject
Project("{9A19103F-16F7-4668-BE54-9A1E7A4F7556}") = "MongoDB.Driver.Dotnet", "..\..\Databases\mongodb-csharp-master\src\MongoDB.Driver.Dotnet\MongoDB.Driver.Dotnet.csproj", "{397CFB25-34BF-40D5-8E32-D02316C65A73}"
EndProject
Global
	GlobalSection(SolutionConfigurationPlatforms) = preSolution
		Debug|Any CPU = Debug|Any CPU
		Release|Any CPU = Release|Any CPU
	EndGlobalSection
	GlobalSection(ProjectConfigurationPlatforms) = postSolution
		{C4556BFF-7619-4B04-B3F1-E5A8B4CCCF6F}.Debug|Any CPU.ActiveCfg = Debug|Any CPU
		{C4556BFF-7619-4B04-B3F1-E5A8B4CCCF6F}.Debug|Any CPU.Build.0 = Debug|Any CPU
		{C4556BFF-7619-4B04-B3F1-E5A8B4CCCF6F}.Release|Any CPU.ActiveCfg = Release|Any CPU
		{C4556BFF-7619-4B04-B3F1-E5A8B4CCCF6F}.Release|Any CPU.Build.0 = Release|Any CPU
		{C9021028-AB38-49C2-999C-79B1EF59476C}.Debug|Any CPU.ActiveCfg = Debug|Any CPU
		{C9021028-AB38-49C2-999C-79B1EF59476C}.Debug|Any CPU.Build.0 = Debug|Any CPU
		{C9021028-AB38-49C2-999C-79B1EF59476C}.Release|Any CPU.ActiveCfg = Release|Any CPU
		{C9021028-AB38-49C2-999C-79B1EF59476C}.Release|Any CPU.Build.0 = Release|Any CPU
		{DA56482A-5D8F-41E0-85E6-1F22B310F91B}.Debug|Any CPU.ActiveCfg = Debug|Any CPU
		{DA56482A-5D8F-41E0-85E6-1F22B310F91B}.Debug|Any CPU.Build.0 = Debug|Any CPU
		{DA56482A-5D8F-41E0-85E6-1F22B310F91B}.Release|Any CPU.ActiveCfg = Release|Any CPU
		{DA56482A-5D8F-41E0-85E6-1F22B310F91B}.Release|Any CPU.Build.0 = Release|Any CPU
		{AE5166CD-76B0-4911-BD80-CED9521F37A1}.Debug|Any CPU.ActiveCfg = Debug|Any CPU
		{AE5166CD-76B0-4911-BD80-CED9521F37A1}.Debug|Any CPU.Build.0 = Debug|Any CPU
		{AE5166CD-76B0-4911-BD80-CED9521F37A1}.Release|Any CPU.ActiveCfg = Release|Any CPU
		{AE5166CD-76B0-4911-BD80-CED9521F37A1}.Release|Any CPU.Build.0 = Release|Any CPU
		{7D3C14E8-ED6A-4D3A-A927-C0ABAE5B7112}.Debug|Any CPU.ActiveCfg = Debug|Any CPU
		{7D3C14E8-ED6A-4D3A-A927-C0ABAE5B7112}.Debug|Any CPU.Build.0 = Debug|Any CPU
		{7D3C14E8-ED6A-4D3A-A927-C0ABAE5B7112}.Release|Any CPU.ActiveCfg = Release|Any CPU
		{7D3C14E8-ED6A-4D3A-A927-C0ABAE5B7112}.Release|Any CPU.Build.0 = Release|Any CPU
		{0E9A3A2A-49CD-4F6C-847C-DC79B4B65CE6}.Debug|Any CPU.ActiveCfg = Debug|Any CPU
		{0E9A3A2A-49CD-4F6C-847C-DC79B4B65CE6}.Debug|Any CPU.Build.0 = Debug|Any CPU
		{0E9A3A2A-49CD-4F6C-847C-DC79B4B65CE6}.Release|Any CPU.ActiveCfg = Release|Any CPU
		{0E9A3A2A-49CD-4F6C-847C-DC79B4B65CE6}.Release|Any CPU.Build.0 = Release|Any CPU
		{8F107A1F-D705-4CE2-884B-7CB8171E947A}.Debug|Any CPU.ActiveCfg = Debug|Any CPU
		{8F107A1F-D705-4CE2-884B-7CB8171E947A}.Debug|Any CPU.Build.0 = Debug|Any CPU
		{8F107A1F-D705-4CE2-884B-7CB8171E947A}.Release|Any CPU.ActiveCfg = Release|Any CPU
		{8F107A1F-D705-4CE2-884B-7CB8171E947A}.Release|Any CPU.Build.0 = Release|Any CPU
		{397CFB25-34BF-40D5-8E32-D02316C65A73}.Debug|Any CPU.ActiveCfg = Debug|Any CPU
		{397CFB25-34BF-40D5-8E32-D02316C65A73}.Debug|Any CPU.Build.0 = Debug|Any CPU
		{397CFB25-34BF-40D5-8E32-D02316C65A73}.Release|Any CPU.ActiveCfg = Release|Any CPU
		{397CFB25-34BF-40D5-8E32-D02316C65A73}.Release|Any CPU.Build.0 = Release|Any CPU
	EndGlobalSection
	GlobalSection(SolutionProperties) = preSolution
		HideSolutionNode = FALSE
	EndGlobalSection
	GlobalSection(NestedProjects) = preSolution
		{DA56482A-5D8F-41E0-85E6-1F22B310F91B} = {49F12672-E29A-4EF2-8310-285A98A162C1}
		{AE5166CD-76B0-4911-BD80-CED9521F37A1} = {49F12672-E29A-4EF2-8310-285A98A162C1}
		{7D3C14E8-ED6A-4D3A-A927-C0ABAE5B7112} = {49F12672-E29A-4EF2-8310-285A98A162C1}
		{0E9A3A2A-49CD-4F6C-847C-DC79B4B65CE6} = {49F12672-E29A-4EF2-8310-285A98A162C1}
		{8F107A1F-D705-4CE2-884B-7CB8171E947A} = {49F12672-E29A-4EF2-8310-285A98A162C1}
		{397CFB25-34BF-40D5-8E32-D02316C65A73} = {49F12672-E29A-4EF2-8310-285A98A162C1}
	EndGlobalSection
	GlobalSection(ExtensibilityGlobals) = postSolution
		SolutionGuid = {87DC9D8C-ACDC-4CEC-A731-46D667B3B734}
	EndGlobalSection
EndGlobal
